// !$*UTF8*$!
{
	archiveVersion = 1;
	classes = {
	};
	objectVersion = 50;
	objects = {

/* Begin PBXBuildFile section */
		1A91306B265154CC007608DE /* WRNavigationBar.bundle in Resources */ = {isa = PBXBuildFile; fileRef = 1A91306A265154CC007608DE /* WRNavigationBar.bundle */; };
		1A91307226515E43007608DE /* Bundle+WRNavigationBar.swift in Sources */ = {isa = PBXBuildFile; fileRef = 1A91307126515E43007608DE /* Bundle+WRNavigationBar.swift */; };
		1A91307726516348007608DE /* SetBackButtonImageViewName.swift in Sources */ = {isa = PBXBuildFile; fileRef = 1A91307626516348007608DE /* SetBackButtonImageViewName.swift */; };
		1AA41AE6264FBFC200F286C2 /* AppDelegate.swift in Sources */ = {isa = PBXBuildFile; fileRef = 1AA41AE5264FBFC200F286C2 /* AppDelegate.swift */; };
		1AA41AE8264FBFC200F286C2 /* SceneDelegate.swift in Sources */ = {isa = PBXBuildFile; fileRef = 1AA41AE7264FBFC200F286C2 /* SceneDelegate.swift */; };
		1AA41AEA264FBFC200F286C2 /* ContentView.swift in Sources */ = {isa = PBXBuildFile; fileRef = 1AA41AE9264FBFC200F286C2 /* ContentView.swift */; };
		1AA41AEC264FBFC500F286C2 /* Assets.xcassets in Resources */ = {isa = PBXBuildFile; fileRef = 1AA41AEB264FBFC500F286C2 /* Assets.xcassets */; };
		1AA41AEF264FBFC500F286C2 /* Preview Assets.xcassets in Resources */ = {isa = PBXBuildFile; fileRef = 1AA41AEE264FBFC500F286C2 /* Preview Assets.xcassets */; };
		1AA41AF2264FBFC500F286C2 /* LaunchScreen.storyboard in Resources */ = {isa = PBXBuildFile; fileRef = 1AA41AF0264FBFC500F286C2 /* LaunchScreen.storyboard */; };
		1AA41AFD264FC0CF00F286C2 /* WRDefaultTitleView.swift in Sources */ = {isa = PBXBuildFile; fileRef = 1AA41AFB264FC0CF00F286C2 /* WRDefaultTitleView.swift */; };
		1AA41AFE264FC0CF00F286C2 /* WRNavigationBar.swift in Sources */ = {isa = PBXBuildFile; fileRef = 1AA41AFC264FC0CF00F286C2 /* WRNavigationBar.swift */; };
		1AA41B01264FC0D700F286C2 /* WRDefaultBackButton.swift in Sources */ = {isa = PBXBuildFile; fileRef = 1AA41B00264FC0D700F286C2 /* WRDefaultBackButton.swift */; };
		1AA41B06264FC1F700F286C2 /* WRHelper.swift in Sources */ = {isa = PBXBuildFile; fileRef = 1AA41B05264FC1F700F286C2 /* WRHelper.swift */; };
		1AA41B09264FC2A200F286C2 /* WRLeadingView.swift in Sources */ = {isa = PBXBuildFile; fileRef = 1AA41B08264FC2A200F286C2 /* WRLeadingView.swift */; };
		1AA41B0C264FC2DD00F286C2 /* WRTrailingView.swift in Sources */ = {isa = PBXBuildFile; fileRef = 1AA41B0B264FC2DD00F286C2 /* WRTrailingView.swift */; };
		1AA41B0F264FC38B00F286C2 /* WRTitleView.swift in Sources */ = {isa = PBXBuildFile; fileRef = 1AA41B0E264FC38B00F286C2 /* WRTitleView.swift */; };
		1AA41B13264FC48800F286C2 /* WRBackgroundView.swift in Sources */ = {isa = PBXBuildFile; fileRef = 1AA41B12264FC48800F286C2 /* WRBackgroundView.swift */; };
		1AA41B1B265017C100F286C2 /* LeadingAndTrailingView.swift in Sources */ = {isa = PBXBuildFile; fileRef = 1AA41B1A265017C100F286C2 /* LeadingAndTrailingView.swift */; };
		1AA41B1E2650198B00F286C2 /* UINavigationController+Ex.swift in Sources */ = {isa = PBXBuildFile; fileRef = 1AA41B1D2650198B00F286C2 /* UINavigationController+Ex.swift */; };
		1AA41B2126501ABB00F286C2 /* ForegroundView.swift in Sources */ = {isa = PBXBuildFile; fileRef = 1AA41B2026501ABB00F286C2 /* ForegroundView.swift */; };
		1AA41B2426501B6C00F286C2 /* BackButtonTapActionView.swift in Sources */ = {isa = PBXBuildFile; fileRef = 1AA41B2326501B6C00F286C2 /* BackButtonTapActionView.swift */; };
		1AA41B2726501BAF00F286C2 /* HiddenBottomLineView.swift in Sources */ = {isa = PBXBuildFile; fileRef = 1AA41B2626501BAF00F286C2 /* HiddenBottomLineView.swift */; };
		1AA41B2B2650202200F286C2 /* IgnoreTopAreaView.swift in Sources */ = {isa = PBXBuildFile; fileRef = 1AA41B2A2650202200F286C2 /* IgnoreTopAreaView.swift */; };
		1AA41B3326502A5300F286C2 /* BackgroundView1.swift in Sources */ = {isa = PBXBuildFile; fileRef = 1AA41B3226502A5300F286C2 /* BackgroundView1.swift */; };
		1AA41B3626502C9900F286C2 /* BackgroundView2.swift in Sources */ = {isa = PBXBuildFile; fileRef = 1AA41B3526502C9900F286C2 /* BackgroundView2.swift */; };
		1AA41B3926502DCB00F286C2 /* BackgroundView3.swift in Sources */ = {isa = PBXBuildFile; fileRef = 1AA41B3826502DCB00F286C2 /* BackgroundView3.swift */; };
		1AA41B3C2650350100F286C2 /* TitleView.swift in Sources */ = {isa = PBXBuildFile; fileRef = 1AA41B3B2650350100F286C2 /* TitleView.swift */; };
		1AA41B3F2650363A00F286C2 /* TitleSearchView.swift in Sources */ = {isa = PBXBuildFile; fileRef = 1AA41B3E2650363A00F286C2 /* TitleSearchView.swift */; };
		1AA41B4326503C5100F286C2 /* DebugView.swift in Sources */ = {isa = PBXBuildFile; fileRef = 1AA41B4226503C5100F286C2 /* DebugView.swift */; };
/* End PBXBuildFile section */

/* Begin PBXFileReference section */
		1A91306A265154CC007608DE /* WRNavigationBar.bundle */ = {isa = PBXFileReference; lastKnownFileType = "wrapper.plug-in"; path = WRNavigationBar.bundle; sourceTree = "<group>"; };
		1A91307126515E43007608DE /* Bundle+WRNavigationBar.swift */ = {isa = PBXFileReference; lastKnownFileType = sourcecode.swift; path = "Bundle+WRNavigationBar.swift"; sourceTree = "<group>"; };
		1A91307626516348007608DE /* SetBackButtonImageViewName.swift */ = {isa = PBXFileReference; lastKnownFileType = sourcecode.swift; path = SetBackButtonImageViewName.swift; sourceTree = "<group>"; };
		1AA41AE2264FBFC200F286C2 /* SwiftUI-WRNavigationBar.app */ = {isa = PBXFileReference; explicitFileType = wrapper.application; includeInIndex = 0; path = "SwiftUI-WRNavigationBar.app"; sourceTree = BUILT_PRODUCTS_DIR; };
		1AA41AE5264FBFC200F286C2 /* AppDelegate.swift */ = {isa = PBXFileReference; lastKnownFileType = sourcecode.swift; path = AppDelegate.swift; sourceTree = "<group>"; };
		1AA41AE7264FBFC200F286C2 /* SceneDelegate.swift */ = {isa = PBXFileReference; lastKnownFileType = sourcecode.swift; path = SceneDelegate.swift; sourceTree = "<group>"; };
		1AA41AE9264FBFC200F286C2 /* ContentView.swift */ = {isa = PBXFileReference; lastKnownFileType = sourcecode.swift; path = ContentView.swift; sourceTree = "<group>"; };
		1AA41AEB264FBFC500F286C2 /* Assets.xcassets */ = {isa = PBXFileReference; lastKnownFileType = folder.assetcatalog; path = Assets.xcassets; sourceTree = "<group>"; };
		1AA41AEE264FBFC500F286C2 /* Preview Assets.xcassets */ = {isa = PBXFileReference; lastKnownFileType = folder.assetcatalog; path = "Preview Assets.xcassets"; sourceTree = "<group>"; };
		1AA41AF1264FBFC500F286C2 /* Base */ = {isa = PBXFileReference; lastKnownFileType = file.storyboard; name = Base; path = Base.lproj/LaunchScreen.storyboard; sourceTree = "<group>"; };
		1AA41AF3264FBFC500F286C2 /* Info.plist */ = {isa = PBXFileReference; lastKnownFileType = text.plist.xml; path = Info.plist; sourceTree = "<group>"; };
		1AA41AFB264FC0CF00F286C2 /* WRDefaultTitleView.swift */ = {isa = PBXFileReference; fileEncoding = 4; lastKnownFileType = sourcecode.swift; path = WRDefaultTitleView.swift; sourceTree = "<group>"; };
		1AA41AFC264FC0CF00F286C2 /* WRNavigationBar.swift */ = {isa = PBXFileReference; fileEncoding = 4; lastKnownFileType = sourcecode.swift; path = WRNavigationBar.swift; sourceTree = "<group>"; };
		1AA41B00264FC0D700F286C2 /* WRDefaultBackButton.swift */ = {isa = PBXFileReference; fileEncoding = 4; lastKnownFileType = sourcecode.swift; path = WRDefaultBackButton.swift; sourceTree = "<group>"; };
		1AA41B05264FC1F700F286C2 /* WRHelper.swift */ = {isa = PBXFileReference; fileEncoding = 4; lastKnownFileType = sourcecode.swift; path = WRHelper.swift; sourceTree = "<group>"; };
		1AA41B08264FC2A200F286C2 /* WRLeadingView.swift */ = {isa = PBXFileReference; lastKnownFileType = sourcecode.swift; path = WRLeadingView.swift; sourceTree = "<group>"; };
		1AA41B0B264FC2DD00F286C2 /* WRTrailingView.swift */ = {isa = PBXFileReference; lastKnownFileType = sourcecode.swift; path = WRTrailingView.swift; sourceTree = "<group>"; };
		1AA41B0E264FC38B00F286C2 /* WRTitleView.swift */ = {isa = PBXFileReference; lastKnownFileType = sourcecode.swift; path = WRTitleView.swift; sourceTree = "<group>"; };
		1AA41B12264FC48800F286C2 /* WRBackgroundView.swift */ = {isa = PBXFileReference; lastKnownFileType = sourcecode.swift; path = WRBackgroundView.swift; sourceTree = "<group>"; };
		1AA41B1A265017C100F286C2 /* LeadingAndTrailingView.swift */ = {isa = PBXFileReference; lastKnownFileType = sourcecode.swift; path = LeadingAndTrailingView.swift; sourceTree = "<group>"; };
		1AA41B1D2650198B00F286C2 /* UINavigationController+Ex.swift */ = {isa = PBXFileReference; fileEncoding = 4; lastKnownFileType = sourcecode.swift; path = "UINavigationController+Ex.swift"; sourceTree = "<group>"; };
		1AA41B2026501ABB00F286C2 /* ForegroundView.swift */ = {isa = PBXFileReference; lastKnownFileType = sourcecode.swift; path = ForegroundView.swift; sourceTree = "<group>"; };
		1AA41B2326501B6C00F286C2 /* BackButtonTapActionView.swift */ = {isa = PBXFileReference; lastKnownFileType = sourcecode.swift; path = BackButtonTapActionView.swift; sourceTree = "<group>"; };
		1AA41B2626501BAF00F286C2 /* HiddenBottomLineView.swift */ = {isa = PBXFileReference; lastKnownFileType = sourcecode.swift; path = HiddenBottomLineView.swift; sourceTree = "<group>"; };
		1AA41B2A2650202200F286C2 /* IgnoreTopAreaView.swift */ = {isa = PBXFileReference; lastKnownFileType = sourcecode.swift; path = IgnoreTopAreaView.swift; sourceTree = "<group>"; };
		1AA41B3226502A5300F286C2 /* BackgroundView1.swift */ = {isa = PBXFileReference; lastKnownFileType = sourcecode.swift; path = BackgroundView1.swift; sourceTree = "<group>"; };
		1AA41B3526502C9900F286C2 /* BackgroundView2.swift */ = {isa = PBXFileReference; lastKnownFileType = sourcecode.swift; path = BackgroundView2.swift; sourceTree = "<group>"; };
		1AA41B3826502DCB00F286C2 /* BackgroundView3.swift */ = {isa = PBXFileReference; lastKnownFileType = sourcecode.swift; path = BackgroundView3.swift; sourceTree = "<group>"; };
		1AA41B3B2650350100F286C2 /* TitleView.swift */ = {isa = PBXFileReference; lastKnownFileType = sourcecode.swift; path = TitleView.swift; sourceTree = "<group>"; };
		1AA41B3E2650363A00F286C2 /* TitleSearchView.swift */ = {isa = PBXFileReference; lastKnownFileType = sourcecode.swift; path = TitleSearchView.swift; sourceTree = "<group>"; };
		1AA41B4226503C5100F286C2 /* DebugView.swift */ = {isa = PBXFileReference; lastKnownFileType = sourcecode.swift; path = DebugView.swift; sourceTree = "<group>"; };
/* End PBXFileReference section */

/* Begin PBXFrameworksBuildPhase section */
		1AA41ADF264FBFC200F286C2 /* Frameworks */ = {
			isa = PBXFrameworksBuildPhase;
			buildActionMask = 2147483647;
			files = (
			);
			runOnlyForDeploymentPostprocessing = 0;
		};
/* End PBXFrameworksBuildPhase section */

/* Begin PBXGroup section */
		1AA41AD9264FBFC200F286C2 = {
			isa = PBXGroup;
			children = (
				1AA41AE4264FBFC200F286C2 /* SwiftUI-WRNavigationBar */,
				1AA41AE3264FBFC200F286C2 /* Products */,
			);
			sourceTree = "<group>";
		};
		1AA41AE3264FBFC200F286C2 /* Products */ = {
			isa = PBXGroup;
			children = (
				1AA41AE2264FBFC200F286C2 /* SwiftUI-WRNavigationBar.app */,
			);
			name = Products;
			sourceTree = "<group>";
		};
		1AA41AE4264FBFC200F286C2 /* SwiftUI-WRNavigationBar */ = {
			isa = PBXGroup;
			children = (
				1AA41AE9264FBFC200F286C2 /* ContentView.swift */,
				1AA41B18264FEFA200F286C2 /* Demo */,
				1AA41AFA264FBFDE00F286C2 /* WRNavigationBar */,
				1AA41B1D2650198B00F286C2 /* UINavigationController+Ex.swift */,
				1AA41AE5264FBFC200F286C2 /* AppDelegate.swift */,
				1AA41AE7264FBFC200F286C2 /* SceneDelegate.swift */,
				1AA41AEB264FBFC500F286C2 /* Assets.xcassets */,
				1AA41AF0264FBFC500F286C2 /* LaunchScreen.storyboard */,
				1AA41AF3264FBFC500F286C2 /* Info.plist */,
				1AA41AED264FBFC500F286C2 /* Preview Content */,
			);
			path = "SwiftUI-WRNavigationBar";
			sourceTree = "<group>";
		};
		1AA41AED264FBFC500F286C2 /* Preview Content */ = {
			isa = PBXGroup;
			children = (
				1AA41AEE264FBFC500F286C2 /* Preview Assets.xcassets */,
			);
			path = "Preview Content";
			sourceTree = "<group>";
		};
		1AA41AFA264FBFDE00F286C2 /* WRNavigationBar */ = {
			isa = PBXGroup;
			children = (
				1A91306A265154CC007608DE /* WRNavigationBar.bundle */,
				1AA41B05264FC1F700F286C2 /* WRHelper.swift */,
				1AA41B00264FC0D700F286C2 /* WRDefaultBackButton.swift */,
				1AA41AFC264FC0CF00F286C2 /* WRNavigationBar.swift */,
				1AA41B08264FC2A200F286C2 /* WRLeadingView.swift */,
				1AA41B0B264FC2DD00F286C2 /* WRTrailingView.swift */,
				1AA41B0E264FC38B00F286C2 /* WRTitleView.swift */,
				1AA41B12264FC48800F286C2 /* WRBackgroundView.swift */,
				1AA41AFB264FC0CF00F286C2 /* WRDefaultTitleView.swift */,
				1A91307126515E43007608DE /* Bundle+WRNavigationBar.swift */,
			);
			path = WRNavigationBar;
			sourceTree = "<group>";
		};
		1AA41B18264FEFA200F286C2 /* Demo */ = {
			isa = PBXGroup;
			children = (
				1AA41B1A265017C100F286C2 /* LeadingAndTrailingView.swift */,
				1AA41B2026501ABB00F286C2 /* ForegroundView.swift */,
				1AA41B2326501B6C00F286C2 /* BackButtonTapActionView.swift */,
				1AA41B2626501BAF00F286C2 /* HiddenBottomLineView.swift */,
				1AA41B2A2650202200F286C2 /* IgnoreTopAreaView.swift */,
				1AA41B3226502A5300F286C2 /* BackgroundView1.swift */,
				1AA41B3526502C9900F286C2 /* BackgroundView2.swift */,
				1AA41B3826502DCB00F286C2 /* BackgroundView3.swift */,
				1AA41B3B2650350100F286C2 /* TitleView.swift */,
				1AA41B3E2650363A00F286C2 /* TitleSearchView.swift */,
				1AA41B4226503C5100F286C2 /* DebugView.swift */,
				1A91307626516348007608DE /* SetBackButtonImageViewName.swift */,
			);
			path = Demo;
			sourceTree = "<group>";
		};
/* End PBXGroup section */

/* Begin PBXNativeTarget section */
		1AA41AE1264FBFC200F286C2 /* SwiftUI-WRNavigationBar */ = {
			isa = PBXNativeTarget;
			buildConfigurationList = 1AA41AF6264FBFC500F286C2 /* Build configuration list for PBXNativeTarget "SwiftUI-WRNavigationBar" */;
			buildPhases = (
				1AA41ADE264FBFC200F286C2 /* Sources */,
				1AA41ADF264FBFC200F286C2 /* Frameworks */,
				1AA41AE0264FBFC200F286C2 /* Resources */,
			);
			buildRules = (
			);
			dependencies = (
			);
			name = "SwiftUI-WRNavigationBar";
			productName = "SwiftUI-WRNavigationBar";
			productReference = 1AA41AE2264FBFC200F286C2 /* SwiftUI-WRNavigationBar.app */;
			productType = "com.apple.product-type.application";
		};
/* End PBXNativeTarget section */

/* Begin PBXProject section */
		1AA41ADA264FBFC200F286C2 /* Project object */ = {
			isa = PBXProject;
			attributes = {
				LastSwiftUpdateCheck = 1240;
				LastUpgradeCheck = 1240;
				TargetAttributes = {
					1AA41AE1264FBFC200F286C2 = {
						CreatedOnToolsVersion = 12.4;
					};
				};
			};
			buildConfigurationList = 1AA41ADD264FBFC200F286C2 /* Build configuration list for PBXProject "SwiftUI-WRNavigationBar" */;
			compatibilityVersion = "Xcode 9.3";
			developmentRegion = en;
			hasScannedForEncodings = 0;
			knownRegions = (
				en,
				Base,
			);
			mainGroup = 1AA41AD9264FBFC200F286C2;
			productRefGroup = 1AA41AE3264FBFC200F286C2 /* Products */;
			projectDirPath = "";
			projectRoot = "";
			targets = (
				1AA41AE1264FBFC200F286C2 /* SwiftUI-WRNavigationBar */,
			);
		};
/* End PBXProject section */

/* Begin PBXResourcesBuildPhase section */
		1AA41AE0264FBFC200F286C2 /* Resources */ = {
			isa = PBXResourcesBuildPhase;
			buildActionMask = 2147483647;
			files = (
				1A91306B265154CC007608DE /* WRNavigationBar.bundle in Resources */,
				1AA41AF2264FBFC500F286C2 /* LaunchScreen.storyboard in Resources */,
				1AA41AEF264FBFC500F286C2 /* Preview Assets.xcassets in Resources */,
				1AA41AEC264FBFC500F286C2 /* Assets.xcassets in Resources */,
			);
			runOnlyForDeploymentPostprocessing = 0;
		};
/* End PBXResourcesBuildPhase section */

/* Begin PBXSourcesBuildPhase section */
		1AA41ADE264FBFC200F286C2 /* Sources */ = {
			isa = PBXSourcesBuildPhase;
			buildActionMask = 2147483647;
			files = (
				1AA41B06264FC1F700F286C2 /* WRHelper.swift in Sources */,
				1AA41B0C264FC2DD00F286C2 /* WRTrailingView.swift in Sources */,
				1A91307226515E43007608DE /* Bundle+WRNavigationBar.swift in Sources */,
				1AA41AFD264FC0CF00F286C2 /* WRDefaultTitleView.swift in Sources */,
				1AA41AE6264FBFC200F286C2 /* AppDelegate.swift in Sources */,
				1AA41AE8264FBFC200F286C2 /* SceneDelegate.swift in Sources */,
				1AA41B3626502C9900F286C2 /* BackgroundView2.swift in Sources */,
				1AA41AEA264FBFC200F286C2 /* ContentView.swift in Sources */,
				1AA41AFE264FC0CF00F286C2 /* WRNavigationBar.swift in Sources */,
				1AA41B2426501B6C00F286C2 /* BackButtonTapActionView.swift in Sources */,
				1AA41B2B2650202200F286C2 /* IgnoreTopAreaView.swift in Sources */,
				1AA41B09264FC2A200F286C2 /* WRLeadingView.swift in Sources */,
				1A91307726516348007608DE /* SetBackButtonImageViewName.swift in Sources */,
				1AA41B13264FC48800F286C2 /* WRBackgroundView.swift in Sources */,
				1AA41B2726501BAF00F286C2 /* HiddenBottomLineView.swift in Sources */,
				1AA41B4326503C5100F286C2 /* DebugView.swift in Sources */,
				1AA41B1E2650198B00F286C2 /* UINavigationController+Ex.swift in Sources */,
				1AA41B3926502DCB00F286C2 /* BackgroundView3.swift in Sources */,
				1AA41B0F264FC38B00F286C2 /* WRTitleView.swift in Sources */,
				1AA41B3326502A5300F286C2 /* BackgroundView1.swift in Sources */,
				1AA41B3C2650350100F286C2 /* TitleView.swift in Sources */,
				1AA41B3F2650363A00F286C2 /* TitleSearchView.swift in Sources */,
				1AA41B01264FC0D700F286C2 /* WRDefaultBackButton.swift in Sources */,
				1AA41B1B265017C100F286C2 /* LeadingAndTrailingView.swift in Sources */,
				1AA41B2126501ABB00F286C2 /* ForegroundView.swift in Sources */,
			);
			runOnlyForDeploymentPostprocessing = 0;
		};
/* End PBXSourcesBuildPhase section */

/* Begin PBXVariantGroup section */
		1AA41AF0264FBFC500F286C2 /* LaunchScreen.storyboard */ = {
			isa = PBXVariantGroup;
			children = (
				1AA41AF1264FBFC500F286C2 /* Base */,
			);
			name = LaunchScreen.storyboard;
			sourceTree = "<group>";
		};
/* End PBXVariantGroup section */

/* Begin XCBuildConfiguration section */
		1AA41AF4264FBFC500F286C2 /* Debug */ = {
			isa = XCBuildConfiguration;
			buildSettings = {
				ALWAYS_SEARCH_USER_PATHS = NO;
				CLANG_ANALYZER_NONNULL = YES;
				CLANG_ANALYZER_NUMBER_OBJECT_CONVERSION = YES_AGGRESSIVE;
				CLANG_CXX_LANGUAGE_STANDARD = "gnu++14";
				CLANG_CXX_LIBRARY = "libc++";
				CLANG_ENABLE_MODULES = YES;
				CLANG_ENABLE_OBJC_ARC = YES;
				CLANG_ENABLE_OBJC_WEAK = YES;
				CLANG_WARN_BLOCK_CAPTURE_AUTORELEASING = YES;
				CLANG_WARN_BOOL_CONVERSION = YES;
				CLANG_WARN_COMMA = YES;
				CLANG_WARN_CONSTANT_CONVERSION = YES;
				CLANG_WARN_DEPRECATED_OBJC_IMPLEMENTATIONS = YES;
				CLANG_WARN_DIRECT_OBJC_ISA_USAGE = YES_ERROR;
				CLANG_WARN_DOCUMENTATION_COMMENTS = YES;
				CLANG_WARN_EMPTY_BODY = YES;
				CLANG_WARN_ENUM_CONVERSION = YES;
				CLANG_WARN_INFINITE_RECURSION = YES;
				CLANG_WARN_INT_CONVERSION = YES;
				CLANG_WARN_NON_LITERAL_NULL_CONVERSION = YES;
				CLANG_WARN_OBJC_IMPLICIT_RETAIN_SELF = YES;
				CLANG_WARN_OBJC_LITERAL_CONVERSION = YES;
				CLANG_WARN_OBJC_ROOT_CLASS = YES_ERROR;
				CLANG_WARN_QUOTED_INCLUDE_IN_FRAMEWORK_HEADER = YES;
				CLANG_WARN_RANGE_LOOP_ANALYSIS = YES;
				CLANG_WARN_STRICT_PROTOTYPES = YES;
				CLANG_WARN_SUSPICIOUS_MOVE = YES;
				CLANG_WARN_UNGUARDED_AVAILABILITY = YES_AGGRESSIVE;
				CLANG_WARN_UNREACHABLE_CODE = YES;
				CLANG_WARN__DUPLICATE_METHOD_MATCH = YES;
				COPY_PHASE_STRIP = NO;
				DEBUG_INFORMATION_FORMAT = dwarf;
				ENABLE_STRICT_OBJC_MSGSEND = YES;
				ENABLE_TESTABILITY = YES;
				GCC_C_LANGUAGE_STANDARD = gnu11;
				GCC_DYNAMIC_NO_PIC = NO;
				GCC_NO_COMMON_BLOCKS = YES;
				GCC_OPTIMIZATION_LEVEL = 0;
				GCC_PREPROCESSOR_DEFINITIONS = (
					"DEBUG=1",
					"$(inherited)",
				);
				GCC_WARN_64_TO_32_BIT_CONVERSION = YES;
				GCC_WARN_ABOUT_RETURN_TYPE = YES_ERROR;
				GCC_WARN_UNDECLARED_SELECTOR = YES;
				GCC_WARN_UNINITIALIZED_AUTOS = YES_AGGRESSIVE;
				GCC_WARN_UNUSED_FUNCTION = YES;
				GCC_WARN_UNUSED_VARIABLE = YES;
				IPHONEOS_DEPLOYMENT_TARGET = 14.4;
				MTL_ENABLE_DEBUG_INFO = INCLUDE_SOURCE;
				MTL_FAST_MATH = YES;
				ONLY_ACTIVE_ARCH = YES;
				SDKROOT = iphoneos;
				SWIFT_ACTIVE_COMPILATION_CONDITIONS = DEBUG;
				SWIFT_OPTIMIZATION_LEVEL = "-Onone";
			};
			name = Debug;
		};
		1AA41AF5264FBFC500F286C2 /* Release */ = {
			isa = XCBuildConfiguration;
			buildSettings = {
				ALWAYS_SEARCH_USER_PATHS = NO;
				CLANG_ANALYZER_NONNULL = YES;
				CLANG_ANALYZER_NUMBER_OBJECT_CONVERSION = YES_AGGRESSIVE;
				CLANG_CXX_LANGUAGE_STANDARD = "gnu++14";
				CLANG_CXX_LIBRARY = "libc++";
				CLANG_ENABLE_MODULES = YES;
				CLANG_ENABLE_OBJC_ARC = YES;
				CLANG_ENABLE_OBJC_WEAK = YES;
				CLANG_WARN_BLOCK_CAPTURE_AUTORELEASING = YES;
				CLANG_WARN_BOOL_CONVERSION = YES;
				CLANG_WARN_COMMA = YES;
				CLANG_WARN_CONSTANT_CONVERSION = YES;
				CLANG_WARN_DEPRECATED_OBJC_IMPLEMENTATIONS = YES;
				CLANG_WARN_DIRECT_OBJC_ISA_USAGE = YES_ERROR;
				CLANG_WARN_DOCUMENTATION_COMMENTS = YES;
				CLANG_WARN_EMPTY_BODY = YES;
				CLANG_WARN_ENUM_CONVERSION = YES;
				CLANG_WARN_INFINITE_RECURSION = YES;
				CLANG_WARN_INT_CONVERSION = YES;
				CLANG_WARN_NON_LITERAL_NULL_CONVERSION = YES;
				CLANG_WARN_OBJC_IMPLICIT_RETAIN_SELF = YES;
				CLANG_WARN_OBJC_LITERAL_CONVERSION = YES;
				CLANG_WARN_OBJC_ROOT_CLASS = YES_ERROR;
				CLANG_WARN_QUOTED_INCLUDE_IN_FRAMEWORK_HEADER = YES;
				CLANG_WARN_RANGE_LOOP_ANALYSIS = YES;
				CLANG_WARN_STRICT_PROTOTYPES = YES;
				CLANG_WARN_SUSPICIOUS_MOVE = YES;
				CLANG_WARN_UNGUARDED_AVAILABILITY = YES_AGGRESSIVE;
				CLANG_WARN_UNREACHABLE_CODE = YES;
				CLANG_WARN__DUPLICATE_METHOD_MATCH = YES;
				COPY_PHASE_STRIP = NO;
				DEBUG_INFORMATION_FORMAT = "dwarf-with-dsym";
				ENABLE_NS_ASSERTIONS = NO;
				ENABLE_STRICT_OBJC_MSGSEND = YES;
				GCC_C_LANGUAGE_STANDARD = gnu11;
				GCC_NO_COMMON_BLOCKS = YES;
				GCC_WARN_64_TO_32_BIT_CONVERSION = YES;
				GCC_WARN_ABOUT_RETURN_TYPE = YES_ERROR;
				GCC_WARN_UNDECLARED_SELECTOR = YES;
				GCC_WARN_UNINITIALIZED_AUTOS = YES_AGGRESSIVE;
				GCC_WARN_UNUSED_FUNCTION = YES;
				GCC_WARN_UNUSED_VARIABLE = YES;
				IPHONEOS_DEPLOYMENT_TARGET = 14.4;
				MTL_ENABLE_DEBUG_INFO = NO;
				MTL_FAST_MATH = YES;
				SDKROOT = iphoneos;
				SWIFT_COMPILATION_MODE = wholemodule;
				SWIFT_OPTIMIZATION_LEVEL = "-O";
				VALIDATE_PRODUCT = YES;
			};
			name = Release;
		};
		1AA41AF7264FBFC500F286C2 /* Debug */ = {
			isa = XCBuildConfiguration;
			buildSettings = {
				ASSETCATALOG_COMPILER_APPICON_NAME = AppIcon;
				ASSETCATALOG_COMPILER_GLOBAL_ACCENT_COLOR_NAME = AccentColor;
				CODE_SIGN_STYLE = Automatic;
				DEVELOPMENT_ASSET_PATHS = "\"SwiftUI-WRNavigationBar/Preview Content\"";
				ENABLE_PREVIEWS = YES;
				INFOPLIST_FILE = "SwiftUI-WRNavigationBar/Info.plist";
				LD_RUNPATH_SEARCH_PATHS = (
					"$(inherited)",
					"@executable_path/Frameworks",
				);
				PRODUCT_BUNDLE_IDENTIFIER = "com.wangrui.test.SwiftUI-WRNavigationBar";
				PRODUCT_NAME = "$(TARGET_NAME)";
				SWIFT_VERSION = 5.0;
				TARGETED_DEVICE_FAMILY = "1,2";
			};
			name = Debug;
		};
		1AA41AF8264FBFC500F286C2 /* Release */ = {
			isa = XCBuildConfiguration;
			buildSettings = {
				ASSETCATALOG_COMPILER_APPICON_NAME = AppIcon;
				ASSETCATALOG_COMPILER_GLOBAL_ACCENT_COLOR_NAME = AccentColor;
				CODE_SIGN_STYLE = Automatic;
				DEVELOPMENT_ASSET_PATHS = "\"SwiftUI-WRNavigationBar/Preview Content\"";
				ENABLE_PREVIEWS = YES;
				INFOPLIST_FILE = "SwiftUI-WRNavigationBar/Info.plist";
				LD_RUNPATH_SEARCH_PATHS = (
					"$(inherited)",
					"@executable_path/Frameworks",
				);
				PRODUCT_BUNDLE_IDENTIFIER = "com.wangrui.test.SwiftUI-WRNavigationBar";
				PRODUCT_NAME = "$(TARGET_NAME)";
				SWIFT_VERSION = 5.0;
				TARGETED_DEVICE_FAMILY = "1,2";
			};
			name = Release;
		};
/* End XCBuildConfiguration section */

/* Begin XCConfigurationList section */
		1AA41ADD264FBFC200F286C2 /* Build configuration list for PBXProject "SwiftUI-WRNavigationBar" */ = {
			isa = XCConfigurationList;
			buildConfigurations = (
				1AA41AF4264FBFC500F286C2 /* Debug */,
				1AA41AF5264FBFC500F286C2 /* Release */,
			);
			defaultConfigurationIsVisible = 0;
			defaultConfigurationName = Release;
		};
		1AA41AF6264FBFC500F286C2 /* Build configuration list for PBXNativeTarget "SwiftUI-WRNavigationBar" */ = {
			isa = XCConfigurationList;
			buildConfigurations = (
				1AA41AF7264FBFC500F286C2 /* Debug */,
				1AA41AF8264FBFC500F286C2 /* Release */,
			);
			defaultConfigurationIsVisible = 0;
			defaultConfigurationName = Release;
		};
/* End XCConfigurationList section */
	};
	rootObject = 1AA41ADA264FBFC200F286C2 /* Project object */;
}
